{
  "name": "excalidraw-tui",
  "version": "0.1.0",
  "lockfileVersion": 3,
  "requires": true,
  "packages": {
    "": {
      "name": "excalidraw-tui",
      "version": "0.1.0",
      "dependencies": {
        "carbonyl": "0.0.2-next.bacf3db"
      },
      "bin": {
        "excali": "excali"
      }
    },
    "node_modules/@fathyb/carbonyl-linux-amd64": {
      "version": "0.0.2-next.bacf3db",
      "resolved": "https://registry.npmjs.org/@fathyb/carbonyl-linux-amd64/-/carbonyl-linux-amd64-0.0.2-next.bacf3db.tgz",
      "integrity": "sha512-zOnQChvT6TkJVXCiD1POd1EKew5c56wvpNYeD4JnN6T8jSRUmJeUX5ikCPzvKWVeW5LNZSMWJB0BDpfcitEfbQ==",
      "cpu": [
        "x64"
      ],
      "license": "BSD-3-Clause",
      "optional": true,
      "os": [
        "linux"
      ]
    },
    "node_modules/@fathyb/carbonyl-linux-arm64": {
      "version": "0.0.2-next.bacf3db",
      "resolved": "https://registry.npmjs.org/@fathyb/carbonyl-linux-arm64/-/carbonyl-linux-arm64-0.0.2-next.bacf3db.tgz",
      "integrity": "sha512-v7Z/exA+MQkgOuRr9Gh2YQq2M6B2leeprgO8fzvTswOg2Rz6zLigXPkBLo/dSVTXo0D6RvxwiGymQRST7fOPdQ==",
      "cpu": [
        "arm64"
      ],
      "license": "BSD-3-Clause",
      "optional": true,
      "os": [
        "linux"
      ]
    },
    "node_modules/@fathyb/carbonyl-macos-amd64": {
      "version": "0.0.2-next.bacf3db",
      "resolved": "https://registry.npmjs.org/@fathyb/carbonyl-macos-amd64/-/carbonyl-macos-amd64-0.0.2-next.bacf3db.tgz",
      "integrity": "sha512-5IkgcaxTybzeh6VLkci9c4afga0t7WGsOaWv8yc9roUal5H7KBmUAGkzTRXLxxkotESHVyoh+vDT1uU6i+1x+g==",
      "cpu": [
        "x64"
      ],
      "license": "BSD-3-Clause",
      "optional": true,
      "os": [
        "darwin"
      ]
    },
    "node_modules/@fathyb/carbonyl-macos-arm64": {
      "version": "0.0.2-next.bacf3db",
      "resolved": "https://registry.npmjs.org/@fathyb/carbonyl-macos-arm64/-/carbonyl-macos-arm64-0.0.2-next.bacf3db.tgz",
      "integrity": "sha512-rr2B1cW27xkGJ6hHBCE6JLN2d/5s81QDrqFIqr6h5GXXvYttRV89XPr3jMNxFOEwGEv999lyxmLYa3veaG8+sQ==",
      "cpu": [
        "arm64"
      ],
      "license": "BSD-3-Clause",
      "optional": true,
      "os": [
        "darwin"
      ]
    },
    "node_modules/carbonyl": {
      "version": "0.0.2-next.bacf3db",
      "resolved": "https://registry.npmjs.org/carbonyl/-/carbonyl-0.0.2-next.bacf3db.tgz",
      "integrity": "sha512-27+U5/dPmV2deEndvFfOEKa1dBjnmAwRFss/h9s2IZ9vb4YPQDeDA0zmG2H+s9L40TaDKzILFRd6vJMofYz1DQ==",
      "license": "BSD-3-Clause",
      "bin": {
        "carbonyl": "index.sh"
      },
      "optionalDependencies": {
        "@fathyb/carbonyl-linux-amd64": "0.0.2-next.bacf3db",
        "@fathyb/carbonyl-linux-arm64": "0.0.2-next.bacf3db",
        "@fathyb/carbonyl-macos-amd64": "0.0.2-next.bacf3db",
        "@fathyb/carbonyl-macos-arm64": "0.0.2-next.bacf3db"
      }
    }
  }
}
